[[package]]
category = "dev"
description = "Python graph (network) package"
name = "altgraph"
optional = false
python-versions = "*"
version = "0.16.1"

[[package]]
category = "main"
description = "A small Python module for determining appropriate platform-specific dirs, e.g. a \"user data dir\"."
name = "appdirs"
optional = false
python-versions = "*"
version = "1.4.3"

[[package]]
category = "main"
description = "An unobtrusive argparse wrapper with natural syntax"
name = "argh"
optional = false
python-versions = "*"
version = "0.26.2"

[[package]]
category = "dev"
description = "Atomic file writes."
name = "atomicwrites"
optional = false
python-versions = ">=2.7, !=3.0.*, !=3.1.*, !=3.2.*, !=3.3.*"
version = "1.3.0"

[[package]]
category = "main"
description = "Classes Without Boilerplate"
name = "attrs"
optional = false
python-versions = "*"
version = "18.2.0"

[[package]]
category = "dev"
description = "Security oriented static analyser for python code."
name = "bandit"
optional = false
python-versions = "*"
version = "1.5.1"

[package.dependencies]
GitPython = ">=1.0.1"
PyYAML = ">=3.12"
six = ">=1.10.0"
stevedore = ">=1.20.0"

[[package]]
category = "main"
description = "Foreign Function Interface for Python calling C code."
name = "cffi"
optional = false
python-versions = "*"
version = "1.11.5"

[package.dependencies]
pycparser = "*"

[[package]]
category = "dev"
description = "Codespell"
name = "codespell"
optional = false
python-versions = "*"
version = "1.14.0"

[[package]]
category = "dev"
description = "Cross-platform colored terminal text."
marker = "sys_platform == \"win32\""
name = "colorama"
optional = false
python-versions = ">=2.7, !=3.0.*, !=3.1.*, !=3.2.*, !=3.3.*"
version = "0.4.1"

[[package]]
category = "main"
description = "Subprocesses for Humans 2.0."
name = "delegator.py"
optional = false
python-versions = "*"
version = "0.1.1"

[package.dependencies]
pexpect = ">=4.1.0"

[[package]]
category = "main"
description = "Discover and load entry points from installed packages."
name = "entrypoints"
optional = false
python-versions = ">=2.7"
version = "0.3"

[[package]]
category = "main"
description = "the modular source code checker: pep8, pyflakes and co"
name = "flake8"
optional = false
python-versions = ">=2.7, !=3.0.*, !=3.1.*, !=3.2.*, !=3.3.*"
version = "3.7.5"

[package.dependencies]
entrypoints = ">=0.3.0,<0.4.0"
mccabe = ">=0.6.0,<0.7.0"
pycodestyle = ">=2.5.0,<2.6.0"
pyflakes = ">=2.1.0,<2.2.0"

[[package]]
category = "dev"
description = "A plugin for flake8 finding likely bugs and design problems in your program. Contains warnings that don't belong in pyflakes and pycodestyle."
name = "flake8-bugbear"
optional = false
python-versions = ">=3.5"
version = "18.8.0"

[package.dependencies]
attrs = "*"
flake8 = ">=3.0.0"

[[package]]
category = "dev"
description = "Flake8 and pylama plugin that checks the ordering of import statements."
name = "flake8-import-order"
optional = false
python-versions = "*"
version = "0.18"

[package.dependencies]
pycodestyle = "*"
setuptools = "*"

[[package]]
category = "main"
description = "A plugin for flake8 integrating mypy."
name = "flake8-mypy"
optional = false
python-versions = "*"
version = "17.8.0"

[package.dependencies]
attrs = "*"
flake8 = ">=3.0.0"
mypy = "*"

[package.source]
reference = "616eeb98092edfa0affc00c6cf4f7073f4de26a6"
type = "git"
url = "https://github.com/ambv/flake8-mypy.git"

[[package]]
category = "dev"
description = "string format checker, plugin for flake8"
name = "flake8-string-format"
optional = false
python-versions = "*"
version = "0.2.3"

[package.dependencies]
flake8 = "*"

[[package]]
category = "dev"
description = "A flake8 plugin that helps you write tidier imports."
name = "flake8-tidy-imports"
optional = false
python-versions = "*"
version = "1.1.0"

[package.dependencies]
flake8 = "!=3.2.0"

[[package]]
category = "dev"
description = "TODO notes checker, plugin for flake8"
name = "flake8-todo"
optional = false
python-versions = "*"
version = "0.7"

[package.dependencies]
pycodestyle = ">=2.0.0,<3.0.0"

[[package]]
category = "dev"
description = "Clean single-source support for Python 3 and 2"
name = "future"
optional = false
python-versions = ">=2.6, !=3.0.*, !=3.1.*, !=3.2.*"
version = "0.17.1"

[[package]]
category = "dev"
description = "Git Object Database"
name = "gitdb2"
optional = false
python-versions = ">=2.7, !=3.0.*, !=3.1.*, !=3.2.*, !=3.3.*"
version = "2.0.5"

[package.dependencies]
smmap2 = ">=2.0.0"

[[package]]
category = "dev"
description = "Python Git Library"
name = "gitpython"
optional = false
python-versions = ">=2.7, !=3.0.*, !=3.1.*, !=3.2.*, !=3.3.*"
version = "2.1.11"

[package.dependencies]
gitdb2 = ">=2.0.0"

[[package]]
category = "dev"
description = "Mach-O header analysis and editing"
name = "macholib"
optional = false
python-versions = "*"
version = "1.11"

[package.dependencies]
altgraph = ">=0.15"

[[package]]
category = "main"
description = "McCabe checker, plugin for flake8"
name = "mccabe"
optional = false
python-versions = "*"
version = "0.6.1"

[[package]]
category = "dev"
description = "More routines for operating on iterables, beyond itertools"
name = "more-itertools"
optional = false
python-versions = ">=3.4"
version = "6.0.0"

[[package]]
category = "main"
description = "Optional static typing for Python"
name = "mypy"
optional = false
python-versions = "*"
version = "0.670"

[package.dependencies]
mypy-extensions = ">=0.4.0,<0.5.0"
typed-ast = ">=1.3.1,<1.4.0"

[[package]]
category = "main"
description = "Experimental type system extensions for programs checked with the mypy typechecker."
name = "mypy-extensions"
optional = false
python-versions = "*"
version = "0.4.1"

[[package]]
category = "main"
description = "File system general utilities"
name = "pathtools"
optional = false
python-versions = "*"
version = "0.1.2"

[[package]]
category = "dev"
description = "Python Build Reasonableness"
name = "pbr"
optional = false
python-versions = "*"
version = "5.1.2"

[[package]]
category = "dev"
description = "Python PE parsing module"
name = "pefile"
optional = false
python-versions = "*"
version = "2018.8.8"

[package.dependencies]
future = "*"

[[package]]
category = "main"
description = "Pexpect allows easy control of interactive console applications."
name = "pexpect"
optional = false
python-versions = "*"
version = "4.6.0"

[package.dependencies]
ptyprocess = ">=0.5"

[[package]]
category = "dev"
description = "plugin and hook calling mechanisms for python"
name = "pluggy"
optional = false
python-versions = ">=2.7, !=3.0.*, !=3.1.*, !=3.2.*, !=3.3.*"
version = "0.8.1"

[[package]]
category = "main"
description = "Cross-platform lib for process and system monitoring in Python."
name = "psutil"
optional = false
python-versions = ">=2.6, !=3.0.*, !=3.1.*, !=3.2.*, !=3.3.*"
version = "5.5.0"

[[package]]
category = "main"
description = "Run a subprocess in a pseudo terminal"
name = "ptyprocess"
optional = false
python-versions = "*"
version = "0.6.0"

[[package]]
category = "dev"
description = "library with cross-python path, ini-parsing, io, code, log facilities"
name = "py"
optional = false
python-versions = ">=2.7, !=3.0.*, !=3.1.*, !=3.2.*, !=3.3.*"
version = "1.7.0"

[[package]]
category = "main"
description = "Python style guide checker"
name = "pycodestyle"
optional = false
python-versions = ">=2.7, !=3.0.*, !=3.1.*, !=3.2.*, !=3.3.*"
version = "2.5.0"

[[package]]
category = "main"
description = "C parser in Python"
name = "pycparser"
optional = false
python-versions = "*"
version = "2.19"

[[package]]
category = "main"
description = "passive checker of Python programs"
name = "pyflakes"
optional = false
python-versions = ">=2.7, !=3.0.*, !=3.1.*, !=3.2.*, !=3.3.*"
version = "2.1.0"

[[package]]
category = "dev"
description = "PyInstaller bundles a Python application and all its dependencies into a single package."
name = "pyinstaller"
optional = false
python-versions = ">=2.7, !=3.0.*, !=3.1.*, !=3.2.*, !=3.3.*"
version = "3.4"

[package.dependencies]
altgraph = "*"
macholib = ">=1.8"
pefile = ">=2017.8.1"
setuptools = "*"

[[package]]
category = "main"
description = "Discord RPC client written in Python"
name = "pypresence"
optional = false
python-versions = ">=3.5"
version = "3.3.1"

[[package]]
category = "dev"
description = "pytest: simple powerful testing with Python"
name = "pytest"
optional = false
python-versions = ">=2.7, !=3.0.*, !=3.1.*, !=3.2.*, !=3.3.*"
version = "3.10.1"

[package.dependencies]
atomicwrites = ">=1.0"
attrs = ">=17.4.0"
colorama = "*"
more-itertools = ">=4.0.0"
pluggy = ">=0.7"
py = ">=1.5.0"
setuptools = "*"
six = ">=1.10.0"

[[package]]
category = "dev"
description = "Pytest plugin to randomly order tests and control random.seed."
name = "pytest-randomly"
optional = false
python-versions = "*"
version = "1.2.3"

[package.dependencies]
pytest = "*"

[[package]]
category = "main"
description = "Python for Window Extensions"
marker = "sys_platform == \"win32\""
name = "pywin32"
optional = false
python-versions = "*"
version = "224"

[[package]]
category = "main"
description = "YAML parser and emitter for Python"
name = "pyyaml"
optional = false
python-versions = "*"
version = "3.13"

[[package]]
category = "main"
description = "Python 2 and 3 compatibility utilities"
name = "six"
optional = false
python-versions = ">=2.6, !=3.0.*, !=3.1.*"
version = "1.12.0"

[[package]]
category = "dev"
description = "A pure Python implementation of a sliding window memory map manager"
name = "smmap2"
optional = false
python-versions = ">=2.7, !=3.0.*, !=3.1.*, !=3.2.*, !=3.3.*"
version = "2.0.5"

[[package]]
category = "dev"
description = "Manage dynamic plugins for Python applications"
name = "stevedore"
optional = false
python-versions = "*"
version = "1.30.0"

[package.dependencies]
pbr = ">=2.0.0,<2.1.0 || >2.1.0"
six = ">=1.10.0"

[[package]]
category = "main"
description = "a fork of Python 2 and 3 ast modules with type comment support"
name = "typed-ast"
optional = false
python-versions = "*"
version = "1.3.1"

[[package]]
category = "main"
description = "VMware VIX binding for Python (unofficial)"
name = "vix"
optional = false
python-versions = "*"
version = "1.0.7"

[package.dependencies]
cffi = ">=1.8.2"
six = "*"

[[package]]
category = "main"
description = "Filesystem events monitoring"
name = "watchdog"
optional = false
python-versions = "*"
version = "0.9.0"

[package.dependencies]
PyYAML = ">=3.10"
argh = ">=0.24.1"
pathtools = ">=0.1.1"

[[package]]
category = "main"
description = "Windows Management Instrumentation"
marker = "sys_platform == \"win32\""
name = "wmi"
optional = false
python-versions = "*"
version = "1.4.9"

[metadata]
content-hash = "4f2c2b757e1c896a12f4b65919050a8cc65bc50cf87544db463cdc6b9aca31ac"
python-versions = "^3.6"

[metadata.hashes]
altgraph = ["d6814989f242b2b43025cba7161fc1b8fb487a62cd49c49245d6fd01c18ac997", "ddf5320017147ba7b810198e0b6619bd7b5563aa034da388cea8546b877f9b0c"]
appdirs = ["9e5896d1372858f8dd3344faf4e5014d21849c756c8d5701f78f8a103b372d92", "d8b24664561d0d34ddfaec54636d502d7cea6e29c3eaf68f3df6180863e2166e"]
argh = ["a9b3aaa1904eeb78e32394cd46c6f37ac0fb4af6dc488daa58971bdc7d7fcaf3", "e9535b8c84dc9571a48999094fda7f33e63c3f1b74f3e5f3ac0105a58405bb65"]
atomicwrites = ["03472c30eb2c5d1ba9227e4c2ca66ab8287fbfbbda3888aa93dc2e28fc6811b4", "75a9445bac02d8d058d5e1fe689654ba5a6556a1dfd8ce6ec55a0ed79866cfa6"]
attrs = ["10cbf6e27dbce8c30807caf056c8eb50917e0eaafe86347671b57254006c3e69", "ca4be454458f9dec299268d472aaa5a11f67a4ff70093396e1ceae9c76cf4bbb"]
bandit = ["6102b5d6afd9d966df5054e0bdfc2e73a24d0fea400ec25f2e54c134412158d7", "9413facfe9de1e1bd291d525c784e1beb1a55c9916b51dae12979af63a69ba4c"]
cffi = ["151b7eefd035c56b2b2e1eb9963c90c6302dc15fbd8c1c0a83a163ff2c7d7743", "1553d1e99f035ace1c0544050622b7bc963374a00c467edafac50ad7bd276aef", "1b0493c091a1898f1136e3f4f991a784437fac3673780ff9de3bcf46c80b6b50", "2ba8a45822b7aee805ab49abfe7eec16b90587f7f26df20c71dd89e45a97076f", "3bb6bd7266598f318063e584378b8e27c67de998a43362e8fce664c54ee52d30", "3c85641778460581c42924384f5e68076d724ceac0f267d66c757f7535069c93", "3eb6434197633b7748cea30bf0ba9f66727cdce45117a712b29a443943733257", "495c5c2d43bf6cebe0178eb3e88f9c4aa48d8934aa6e3cddb865c058da76756b", "4c91af6e967c2015729d3e69c2e51d92f9898c330d6a851bf8f121236f3defd3", "57b2533356cb2d8fac1555815929f7f5f14d68ac77b085d2326b571310f34f6e", "770f3782b31f50b68627e22f91cb182c48c47c02eb405fd689472aa7b7aa16dc", "79f9b6f7c46ae1f8ded75f68cf8ad50e5729ed4d590c74840471fc2823457d04", "7a33145e04d44ce95bcd71e522b478d282ad0eafaf34fe1ec5bbd73e662f22b6", "857959354ae3a6fa3da6651b966d13b0a8bed6bbc87a0de7b38a549db1d2a359", "87f37fe5130574ff76c17cab61e7d2538a16f843bb7bca8ebbc4b12de3078596", "95d5251e4b5ca00061f9d9f3d6fe537247e145a8524ae9fd30a2f8fbce993b5b", "9d1d3e63a4afdc29bd76ce6aa9d58c771cd1599fbba8cf5057e7860b203710dd", "a36c5c154f9d42ec176e6e620cb0dd275744aa1d804786a71ac37dc3661a5e95", "a6a5cb8809091ec9ac03edde9304b3ad82ad4466333432b16d78ef40e0cce0d5", "ae5e35a2c189d397b91034642cb0eab0e346f776ec2eb44a49a459e6615d6e2e", "b0f7d4a3df8f06cf49f9f121bead236e328074de6449866515cea4907bbc63d6", "b75110fb114fa366b29a027d0c9be3709579602ae111ff61674d28c93606acca", "ba5e697569f84b13640c9e193170e89c13c6244c24400fc57e88724ef610cd31", "be2a9b390f77fd7676d80bc3cdc4f8edb940d8c198ed2d8c0be1319018c778e1", "ca1bd81f40adc59011f58159e4aa6445fc585a32bb8ac9badf7a2c1aa23822f2", "d5d8555d9bfc3f02385c1c37e9f998e2011f0db4f90e250e5bc0c0a85a813085", "e55e22ac0a30023426564b1059b035973ec82186ddddbac867078435801c7801", "e90f17980e6ab0f3c2f3730e56d1fe9bcba1891eeea58966e89d352492cc74f4", "ecbb7b01409e9b782df5ded849c178a0aa7c906cf8c5a67368047daab282b184", "ed01918d545a38998bfa5902c7c00e0fee90e957ce036a4000a88e3fe2264917", "edabd457cd23a02965166026fd9bfd196f4324fe6032e866d0f3bd0301cd486f", "fdf1c1dc5bafc32bc5d08b054f94d659422b05aba244d6be4ddc1c72d9aa70fb"]
codespell = ["b1b60867773ffc5643a3724b62d12fe6797aa735831733f8a45f6d28db5ef34f"]
colorama = ["05eed71e2e327246ad6b38c540c4a3117230b19679b875190486ddd2d721422d", "f8ac84de7840f5b9c4e3347b3c1eaa50f7e49c2b07596221daec5edaabbd7c48"]
"delegator.py" = ["814657d96b98a244c479e3d5f6e9e850ac333e85f807d6bc846e72bbb2537806", "e6cc9cedab9ae59b169ee0422e17231adedadb144e63c0b5a60e6ff8adf8521b"]
entrypoints = ["589f874b313739ad35be6e0cd7efde2a4e9b6fea91edcc34e58ecbb8dbe56d19", "c70dd71abe5a8c85e55e12c19bd91ccfeec11a6e99044204511f9ed547d48451"]
flake8 = ["c3ba1e130c813191db95c431a18cb4d20a468e98af7a77e2181b68574481ad36", "fd9ddf503110bf3d8b1d270e8c673aab29ccb3dd6abf29bae1f54e5116ab4a91"]
flake8-bugbear = ["07b6e769d7f4e168d590f7088eae40f6ddd9fa4952bed31602def65842682c83", "0ccf56975f4db1d69dc1cf3598c99d768ebf95d0cad27d76087954aa399b515a"]
flake8-import-order = ["9be5ca10d791d458eaa833dd6890ab2db37be80384707b0f76286ddd13c16cbf", "feca2fd0a17611b33b7fa84449939196c2c82764e262486d5c3e143ed77d387b"]
flake8-mypy = []
flake8-string-format = ["68ea72a1a5b75e7018cae44d14f32473c798cf73d75cbaed86c6a9a907b770b2", "774d56103d9242ed968897455ef49b7d6de272000cfa83de5814273a868832f1"]
flake8-tidy-imports = ["5fc28c82bba16abb4f1154dc59a90487f5491fbdb27e658cbee241e8fddc1b91", "c05c9f7dadb5748a04b6fa1c47cb6ae5a8170f03cfb1dca8b37aec58c1ee6d15"]
flake8-todo = ["6e4c5491ff838c06fe5a771b0e95ee15fc005ca57196011011280fc834a85915"]
future = ["67045236dcfd6816dc439556d009594abf643e5eb48992e36beac09c2ca659b8"]
gitdb2 = ["83361131a1836661a155172932a13c08bda2db3674e4caa32368aa6eb02f38c2", "e3a0141c5f2a3f635c7209d56c496ebe1ad35da82fe4d3ec4aaa36278d70648a"]
gitpython = ["563221e5a44369c6b79172f455584c9ebbb122a13368cc82cb4b5addff788f82", "8237dc5bfd6f1366abeee5624111b9d6879393d84745a507de0fda86043b65a8"]
macholib = ["ac02d29898cf66f27510d8f39e9112ae00590adb4a48ec57b25028d6962b1ae1", "c4180ffc6f909bf8db6cd81cff4b6f601d575568f4d5dee148c830e9851eb9db"]
mccabe = ["ab8a6258860da4b6677da4bd2fe5dc2c659cff31b3ee4f7f5d64e79735b80d42", "dd8d182285a0fe56bace7f45b5e7d1a6ebcbf524e8f3bd87eb0f125271b8831f"]
more-itertools = ["0125e8f60e9e031347105eb1682cef932f5e97d7b9a1a28d9bf00c22a5daef40", "590044e3942351a1bdb1de960b739ff4ce277960f2425ad4509446dbace8d9d1"]
mypy = ["308c274eb8482fbf16006f549137ddc0d69e5a589465e37b99c4564414363ca7", "e80fd6af34614a0e898a57f14296d0dacb584648f0339c2e000ddbf0f4cc2f8d"]
mypy-extensions = ["37e0e956f41369209a3d5f34580150bcacfabaa57b33a15c0b25f4b5725e0812", "b16cabe759f55e3409a7d231ebd2841378fb0c27a5d1994719e340e4f429ac3e"]
pathtools = ["7c35c5421a39bb82e58018febd90e3b6e5db34c5443aaaf742b3f33d4655f1c0"]
pbr = ["a7953f66e1f82e4b061f43096a4bcc058f7d3d41de9b94ac871770e8bdd831a2", "d717573351cfe09f49df61906cd272abaa759b3e91744396b804965ff7bff38b"]
pefile = ["4c5b7e2de0c8cb6c504592167acf83115cbbde01fe4a507c16a1422850e86cd6"]
pexpect = ["2a8e88259839571d1251d278476f3eec5db26deb73a70be5ed5dc5435e418aba", "3fbd41d4caf27fa4a377bfd16fef87271099463e6fa73e92a52f92dfee5d425b"]
pluggy = ["8ddc32f03971bfdf900a81961a48ccf2fb677cf7715108f85295c67405798616", "980710797ff6a041e9a73a5787804f848996ecaa6f8a1b1e08224a5894f2074a"]
psutil = ["04d2071100aaad59f9bcbb801be2125d53b2e03b1517d9fed90b45eea51d297e", "1aba93430050270750d046a179c5f3d6e1f5f8b96c20399ba38c596b28fc4d37", "3ac48568f5b85fee44cd8002a15a7733deca056a191d313dbf24c11519c0c4a8", "96f3fdb4ef7467854d46ad5a7e28eb4c6dc6d455d751ddf9640cd6d52bdb03d7", "b755be689d6fc8ebc401e1d5ce5bac867e35788f10229e166338484eead51b12", "c8ee08ad1b716911c86f12dc753eb1879006224fd51509f077987bb6493be615", "d0c4230d60376aee0757d934020b14899f6020cd70ef8d2cb4f228b6ffc43e8f", "d23f7025bac9b3e38adc6bd032cdaac648ac0074d18e36950a04af35458342e8", "f0fcb7d3006dd4d9ccf3ccd0595d44c6abbfd433ec31b6ca177300ee3f19e54e"]
ptyprocess = ["923f299cc5ad920c68f2bc0bc98b75b9f838b93b599941a6b63ddbc2476394c0", "d7cc528d76e76342423ca640335bd3633420dc1366f258cb31d05e865ef5ca1f"]
py = ["bf92637198836372b520efcba9e020c330123be8ce527e535d185ed4b6f45694", "e76826342cefe3c3d5f7e8ee4316b80d1dd8a300781612ddbc765c17ba25a6c6"]
pycodestyle = ["95a2219d12372f05704562a14ec30bc76b05a5b297b21a5dfe3f6fac3491ae56", "e40a936c9a450ad81df37f549d676d127b1b66000a6c500caa2b085bc0ca976c"]
pycparser = ["a988718abfad80b6b157acce7bf130a30876d27603738ac39f140993246b25b3"]
pyflakes = ["5e8c00e30c464c99e0b501dc160b13a14af7f27d4dffb529c556e30a159e231d", "f277f9ca3e55de669fba45b7393a1449009cff5a37d1af10ebb76c52765269cd"]
pyinstaller = ["a5a6e04a66abfcf8761e89a2ebad937919c6be33a7b8963e1a961b55cb35986b"]
pypresence = ["b9ac7e136f6546f68f707aa4e080a6f9b0202fcecc973d3fc71015e18b215a35", "cdd67d16c5e3d94ce8dedfad771b912a7cd89de1161f85315e74f1d388f30978"]
pytest = ["3f193df1cfe1d1609d4c583838bea3d532b18d6160fd3f55c9447fdca30848ec", "e246cf173c01169b9617fc07264b7b1316e78d7a650055235d6d897bc80d9660"]
pytest-randomly = ["6db5e03d72b54052b9b379dc3cfa4749c19bfe4de161cf3eb24762049f4ce9be", "92ec6745d3ebdd690ecb598648748c9601f16f5afacf83ccef2b50d23e6edb7f"]
pywin32 = ["22e218832a54ed206452c8f3ca9eff07ef327f8e597569a4c2828be5eaa09a77", "32b37abafbfeddb0fe718008d6aada5a71efa2874f068bee1f9e703983dcc49a", "35451edb44162d2f603b5b18bd427bc88fcbc74849eaa7a7e7cfe0f507e5c0c8", "4eda2e1e50faa706ff8226195b84fbcbd542b08c842a9b15e303589f85bfb41c", "5f265d72588806e134c8e1ede8561739071626ea4cc25c12d526aa7b82416ae5", "6852ceac5fdd7a146b570655c37d9eacd520ed1eaeec051ff41c6fc94243d8bf", "6dbc4219fe45ece6a0cc6baafe0105604fdee551b5e876dc475d3955b77190ec", "9bd07746ce7f2198021a9fa187fa80df7b221ec5e4c234ab6f00ea355a3baf99"]
pyyaml = ["3d7da3009c0f3e783b2c873687652d83b1bbfd5c88e9813fb7e5b03c0dd3108b", "3ef3092145e9b70e3ddd2c7ad59bdd0252a94dfe3949721633e41344de00a6bf", "40c71b8e076d0550b2e6380bada1f1cd1017b882f7e16f09a65be98e017f211a", "558dd60b890ba8fd982e05941927a3911dc409a63dcb8b634feaa0cda69330d3", "a7c28b45d9f99102fa092bb213aa12e0aaf9a6a1f5e395d36166639c1f96c3a1", "aa7dd4a6a427aed7df6fb7f08a580d68d9b118d90310374716ae90b710280af1", "bc558586e6045763782014934bfaf39d48b8ae85a2713117d16c39864085c613", "d46d7982b62e0729ad0175a9bc7e10a566fc07b224d2c79fafb5e032727eaa04", "d5eef459e30b09f5a098b9cea68bebfeb268697f78d647bd255a085371ac7f3f", "e01d3203230e1786cd91ccfdc8f8454c8069c91bee3962ad93b87a4b2860f537", "e170a9e6fcfd19021dd29845af83bb79236068bf5fd4df3327c1be18182b2531"]
six = ["3350809f0555b11f552448330d0b52d5f24c91a322ea4a15ef22629740f3761c", "d16a0141ec1a18405cd4ce8b4613101da75da0e9a7aec5bdd4fa804d0e0eba73"]
smmap2 = ["0555a7bf4df71d1ef4218e4807bbf9b201f910174e6e08af2e138d4e517b4dde", "29a9ffa0497e7f2be94ca0ed1ca1aa3cd4cf25a1f6b4f5f87f74b46ed91d609a"]
stevedore = ["b92bc7add1a53fb76c634a178978d113330aaf2006f9498d9e2414b31fbfc104", "c58b7c231a9c4890cd3c2b5d2b23bd63fa807ff934d68579e3f6c3a1735e8a7c"]
typed-ast = ["035a54ede6ce1380599b2ce57844c6554666522e376bd111eb940fbc7c3dad23", "037c35f2741ce3a9ac0d55abfcd119133cbd821fffa4461397718287092d9d15", "049feae7e9f180b64efacbdc36b3af64a00393a47be22fa9cb6794e68d4e73d3", "19228f7940beafc1ba21a6e8e070e0b0bfd1457902a3a81709762b8b9039b88d", "2ea681e91e3550a30c2265d2916f40a5f5d89b59469a20f3bad7d07adee0f7a6", "3a6b0a78af298d82323660df5497bcea0f0a4a25a0b003afd0ce5af049bd1f60", "5385da8f3b801014504df0852bf83524599df890387a3c2b17b7caa3d78b1773", "606d8afa07eef77280c2bf84335e24390055b478392e1975f96286d99d0cb424", "69245b5b23bbf7fb242c9f8f08493e9ecd7711f063259aefffaeb90595d62287", "6f6d839ab09830d59b7fa8fb6917023d8cb5498ee1f1dbd82d37db78eb76bc99", "730888475f5ac0e37c1de4bd05eeb799fdb742697867f524dc8a4cd74bcecc23", "9819b5162ffc121b9e334923c685b0d0826154e41dfe70b2ede2ce29034c71d8", "9e60ef9426efab601dd9aa120e4ff560f4461cf8442e9c0a2b92548d52800699", "af5fbdde0690c7da68e841d7fc2632345d570768ea7406a9434446d7b33b0ee1", "b64efdbdf3bbb1377562c179f167f3bf301251411eb5ac77dec6b7d32bcda463", "bac5f444c118aeb456fac1b0b5d14c6a71ea2a42069b09c176f75e9bd4c186f6", "bda9068aafb73859491e13b99b682bd299c1b5fd50644d697533775828a28ee0", "d659517ca116e6750101a1326107d3479028c5191f0ecee3c7203c50f5b915b0", "eddd3fb1f3e0f82e5915a899285a39ee34ce18fd25d89582bc89fc9fb16cd2c6"]
vix = ["05dc64c615475cbc483a983c37c48a45a2eed530f0b9a3162d44dc9d87a87cdb"]
watchdog = ["965f658d0732de3188211932aeb0bb457587f04f63ab4c1e33eab878e9de961d"]
wmi = ["192ccfad3d7bb3ef43116d753f4d5cf85c0a6b738f832cc131e928fd93cdd400", "b1c57a5c7e27596736026ec7dd9a7c5318dad8248e7638f40c60c33cb33ac935"]
